{
  "projects": [
    {
      "projectId": "LmQdyERnKGVSTHLkNgDKC",
      "version": "0.0.1",
      "dependencies": {},
      "lang": "ts",
      "fileLocks": [
        {
          "assetId": "LmQdyERnKGVSTHLkNgDKC",
          "type": "projectCss",
          "checksum": "fd83b730367fdbde2c69bc6cf31c2a3c"
        },
        {
          "assetId": "LmQdyERnKGVSTHLkNgDKC",
          "checksum": "dafea65461c79c5fe46cf4c671d11455",
          "type": "globalContexts"
        }
      ],
      "codegenVersion": "0.0.1"
    },
    {
      "projectId": "88mierwzcEebDiEv6pzXQh",
      "version": "0.0.1",
      "dependencies": {},
      "lang": "ts",
      "fileLocks": [
        {
          "assetId": "88mierwzcEebDiEv6pzXQh",
          "type": "projectCss",
          "checksum": "078b5be9aa4a8ea2a39b36c771c25aaa"
        },
        {
          "assetId": "88mierwzcEebDiEv6pzXQh",
          "checksum": "cbf9477ac73a9e4cf5ec2ad92e3b87ba",
          "type": "globalContexts"
        }
      ],
      "codegenVersion": "0.0.1"
    },
    {
      "projectId": "6GWapbvHd9SBH1G3TR2K5v",
      "version": "0.0.1",
      "dependencies": {},
      "lang": "ts",
      "fileLocks": [
        {
          "assetId": "6GWapbvHd9SBH1G3TR2K5v",
          "type": "projectCss",
          "checksum": "46129a8140f7bf604dec903e19777f53"
        }
      ],
      "codegenVersion": "0.0.1"
    },
    {
      "projectId": "3gNbBkUiMeVwf7ryGjK7hb",
      "version": "0.0.1",
      "dependencies": {},
      "lang": "ts",
      "fileLocks": [
        {
          "assetId": "3gNbBkUiMeVwf7ryGjK7hb",
          "type": "projectCss",
          "checksum": "e1ec850476829c38b0f9b6d4f7ac446a"
        }
      ],
      "codegenVersion": "0.0.1"
    },
    {
      "projectId": "XiJnC74LVBXwv2GD5rQsh",
      "version": "latest",
      "dependencies": {
        "3gNbBkUiMeVwf7ryGjK7hb": "0.0.1",
        "6GWapbvHd9SBH1G3TR2K5v": "0.0.1",
        "88mierwzcEebDiEv6pzXQh": "0.0.1",
        "LmQdyERnKGVSTHLkNgDKC": "0.0.1"
      },
      "lang": "ts",
      "fileLocks": [
        {
          "type": "globalVariant",
          "assetId": "ajgIsfmDZCp3",
          "checksum": "4020a8ec064bae55f9aab95e024fb0b1"
        },
        {
          "assetId": "XiJnC74LVBXwv2GD5rQsh",
          "checksum": "5a87bc36e97736283498032a11d16721",
          "type": "globalContexts"
        },
        {
          "type": "renderModule",
          "assetId": "bj0R0Ki4-zoK",
          "checksum": "56e732c0cbd5c8714cd795d899b608e9"
        },
        {
          "type": "cssRules",
          "assetId": "bj0R0Ki4-zoK",
          "checksum": "56e732c0cbd5c8714cd795d899b608e9"
        },
        {
          "type": "renderModule",
          "assetId": "bZiONNXVM_of",
          "checksum": "7f5b32c2b452d260237ed29209ab4631"
        },
        {
          "type": "cssRules",
          "assetId": "bZiONNXVM_of",
          "checksum": "7f5b32c2b452d260237ed29209ab4631"
        },
        {
          "type": "renderModule",
          "assetId": "MhEIguoAPHdt",
          "checksum": "b3528d7143006c755bbdc49210251416"
        },
        {
          "type": "cssRules",
          "assetId": "MhEIguoAPHdt",
          "checksum": "b3528d7143006c755bbdc49210251416"
        },
        {
          "type": "renderModule",
          "assetId": "bm_gjWBQdCTJ",
          "checksum": "a6fdc6b1b4ede3e7248614459772431b"
        },
        {
          "type": "cssRules",
          "assetId": "bm_gjWBQdCTJ",
          "checksum": "a6fdc6b1b4ede3e7248614459772431b"
        },
        {
          "type": "renderModule",
          "assetId": "mpKzvwItFntM",
          "checksum": "a20975407bfdce0ba1eb54a89535d4b7"
        },
        {
          "type": "cssRules",
          "assetId": "mpKzvwItFntM",
          "checksum": "a20975407bfdce0ba1eb54a89535d4b7"
        },
        {
          "type": "renderModule",
          "assetId": "eBRwxHZqrx3S",
          "checksum": "284cc1721c03cf4982f667172997e759"
        },
        {
          "type": "cssRules",
          "assetId": "eBRwxHZqrx3S",
          "checksum": "284cc1721c03cf4982f667172997e759"
        },
        {
          "type": "renderModule",
          "assetId": "EoLK6dRhWkxB",
          "checksum": "5b2fea80f4be916d1f9c43b781c7c245"
        },
        {
          "type": "cssRules",
          "assetId": "EoLK6dRhWkxB",
          "checksum": "5b2fea80f4be916d1f9c43b781c7c245"
        },
        {
          "type": "renderModule",
          "assetId": "kXKNfq_7sr0E",
          "checksum": "4618c858f8b11460b89a5828e9858e2e"
        },
        {
          "type": "cssRules",
          "assetId": "kXKNfq_7sr0E",
          "checksum": "4618c858f8b11460b89a5828e9858e2e"
        },
        {
          "type": "renderModule",
          "assetId": "tZeYajO3iWH3",
          "checksum": "17af01e349e39f6db77f690cae1535c0"
        },
        {
          "type": "cssRules",
          "assetId": "tZeYajO3iWH3",
          "checksum": "17af01e349e39f6db77f690cae1535c0"
        },
        {
          "type": "renderModule",
          "assetId": "WFX4i-RTkMfc",
          "checksum": "812c52db5a3fb51a1105954fa8b23dfd"
        },
        {
          "type": "cssRules",
          "assetId": "WFX4i-RTkMfc",
          "checksum": "812c52db5a3fb51a1105954fa8b23dfd"
        },
        {
          "type": "icon",
          "assetId": "SlSTwlPpOHds",
          "checksum": "677ebd1576b0395f91be77a84451f3a6"
        },
        {
          "type": "icon",
          "assetId": "d2y9-OzVhadq",
          "checksum": "9a297eed686f7d7d97975b0b4a9196ce"
        },
        {
          "type": "icon",
          "assetId": "Bj9fcl4yGvNB",
          "checksum": "b9c766e85fa1ec9759e965738b5f648f"
        },
        {
          "type": "icon",
          "assetId": "_3cfwmcb9p1y",
          "checksum": "761aef47a695fa4857d3945a06fefc51"
        },
        {
          "type": "icon",
          "assetId": "TFvI2hZNq75l",
          "checksum": "ed6d84d5d5e2a63b6e0377dcccc1a2d7"
        },
        {
          "type": "icon",
          "assetId": "Ku494tpeu754",
          "checksum": "d300abad5bcfcb7bf0b443d191e87f04"
        },
        {
          "type": "icon",
          "assetId": "chsLZsiIzSJ1",
          "checksum": "ac2c91cb13b81159ee42907114e0385c"
        },
        {
          "type": "icon",
          "assetId": "JYXVjOMlrGKU",
          "checksum": "44d05cb2b022983d884f5c4012d573dc"
        },
        {
          "type": "image",
          "assetId": "7eqRxFtlC43o",
          "checksum": "406d15a645001e9e384e87825edd2b19"
        },
        {
          "type": "image",
          "assetId": "Vrfb6R7Ny7OJ",
          "checksum": "b00d3a3a0f44bf2b03006d51206f42d5"
        },
        {
          "type": "image",
          "assetId": "JMvFwIUpz7Cv",
          "checksum": "5b00ee141a6c9e496a3953f3d07f0773"
        },
        {
          "type": "image",
          "assetId": "wB-A3_xfp2Be",
          "checksum": "cf2c430820ed51cfa541e29039a8bdda"
        },
        {
          "type": "image",
          "assetId": "JTeE-aObtbtF",
          "checksum": "9f7acb70b8b5a18222f326a6c82a7c41"
        },
        {
          "type": "image",
          "assetId": "VmWNnaP8W4Jr",
          "checksum": "9cdcbdbfdb249abb744e74ad3127cd9e"
        },
        {
          "type": "image",
          "assetId": "018XUo861Cz2",
          "checksum": "8d08a8637cc67af1fb79e2e9f9e92024"
        },
        {
          "type": "image",
          "assetId": "clmqZLjiw-uT",
          "checksum": "ab48fe3d4616bd0803781af2dcfe4296"
        },
        {
          "type": "image",
          "assetId": "fTxtRd0yQkCe",
          "checksum": "03fac1bf54266f754cdbf8dd27ae0b44"
        },
        {
          "type": "image",
          "assetId": "LnxWuvN4rrDN",
          "checksum": "981ffb5473a0eeb095e77dbf3c6a8341"
        },
        {
          "type": "image",
          "assetId": "ttmjJjCs6TI8",
          "checksum": "c93d277548eedbebf9ab945926f5c93a"
        },
        {
          "type": "image",
          "assetId": "vu2zJmy_1hmO",
          "checksum": "ca43f0593a69286a70f9881307b7f50e"
        },
        {
          "type": "image",
          "assetId": "6ugnmwPAiky0",
          "checksum": "8c2eb0641a3c878a310bdcd418e4254d"
        },
        {
          "type": "image",
          "assetId": "ETUwpubXjP62",
          "checksum": "d4d463014b1a5f1736f6e8d6a9ae539c"
        },
        {
          "type": "image",
          "assetId": "DOQ3H2dSYrJP",
          "checksum": "414ad7818f211716f753226b54a32d66"
        },
        {
          "type": "image",
          "assetId": "VIZmsJiI8B-9",
          "checksum": "120445b9d20b10fc52993cf7f9b3c5e6"
        },
        {
          "type": "image",
          "assetId": "exRYqiA2V0mG",
          "checksum": "f626594cea97f5af98fa88ae61d5353a"
        },
        {
          "type": "image",
          "assetId": "zbel8r08171L",
          "checksum": "5681555883e01d8c741fd18a76125ce1"
        },
        {
          "type": "image",
          "assetId": "J46TJDZwQcQ6",
          "checksum": "cb74958739a6445c63c3df156e310ac8"
        },
        {
          "type": "image",
          "assetId": "hxbbXy7HI-Of",
          "checksum": "6f64fe20514c66f680914b81aa0dec76"
        },
        {
          "type": "image",
          "assetId": "fPn-_6B0An57",
          "checksum": "f6677b181357610f2ce184b9e612eac4"
        },
        {
          "type": "image",
          "assetId": "4pBV6wVZj8by",
          "checksum": "2a379be9c28962e0b40f0ab3272e4687"
        },
        {
          "type": "image",
          "assetId": "t_7tkcYw-KS4",
          "checksum": "cbe9fc63c0b59b5ab6350438d6dfa139"
        },
        {
          "type": "image",
          "assetId": "D-Bs01io0l41",
          "checksum": "8616c741a46bfa0a2da2c282aa3145c8"
        },
        {
          "assetId": "XiJnC74LVBXwv2GD5rQsh",
          "type": "projectCss",
          "checksum": "26b2baac9e443d282e45c51daf7917f3"
        }
      ],
      "codegenVersion": "0.0.1"
    }
  ],
  "cliVersion": "0.1.330"
}
